// !$*UTF8*$!
{
	archiveVersion = 1;
	classes = {
	};
	objectVersion = 46;
	objects = {

/* Begin PBXBuildFile section */
		FA8BCC8519EE0AC20016E86C /* Foundation.framework in Frameworks */ = {isa = PBXBuildFile; fileRef = FA8BCC8419EE0AC20016E86C /* Foundation.framework */; };
		FA8BCC8719EE0AC20016E86C /* CoreGraphics.framework in Frameworks */ = {isa = PBXBuildFile; fileRef = FA8BCC8619EE0AC20016E86C /* CoreGraphics.framework */; };
		FA8BCC8919EE0AC20016E86C /* UIKit.framework in Frameworks */ = {isa = PBXBuildFile; fileRef = FA8BCC8819EE0AC20016E86C /* UIKit.framework */; };
		FA8BCC8F19EE0AC20016E86C /* InfoPlist.strings in Resources */ = {isa = PBXBuildFile; fileRef = FA8BCC8D19EE0AC20016E86C /* InfoPlist.strings */; };
		FA8BCC9119EE0AC20016E86C /* main.m in Sources */ = {isa = PBXBuildFile; fileRef = FA8BCC9019EE0AC20016E86C /* main.m */; };
		FA8BCC9519EE0AC20016E86C /* TCAppDelegate.m in Sources */ = {isa = PBXBuildFile; fileRef = FA8BCC9419EE0AC20016E86C /* TCAppDelegate.m */; };
		FA8BCC9719EE0AC20016E86C /* Images.xcassets in Resources */ = {isa = PBXBuildFile; fileRef = FA8BCC9619EE0AC20016E86C /* Images.xcassets */; };
		FA8BCC9E19EE0AC20016E86C /* XCTest.framework in Frameworks */ = {isa = PBXBuildFile; fileRef = FA8BCC9D19EE0AC20016E86C /* XCTest.framework */; };
		FA8BCC9F19EE0AC20016E86C /* Foundation.framework in Frameworks */ = {isa = PBXBuildFile; fileRef = FA8BCC8419EE0AC20016E86C /* Foundation.framework */; };
		FA8BCCA019EE0AC20016E86C /* UIKit.framework in Frameworks */ = {isa = PBXBuildFile; fileRef = FA8BCC8819EE0AC20016E86C /* UIKit.framework */; };
		FA8BCCA819EE0AC20016E86C /* InfoPlist.strings in Resources */ = {isa = PBXBuildFile; fileRef = FA8BCCA619EE0AC20016E86C /* InfoPlist.strings */; };
		FA8BCCAA19EE0AC20016E86C /* ApplyingAudioTests.m in Sources */ = {isa = PBXBuildFile; fileRef = FA8BCCA919EE0AC20016E86C /* ApplyingAudioTests.m */; };
		FA8BCCB419EE0AFD0016E86C /* dance.gif in Resources */ = {isa = PBXBuildFile; fileRef = FA8BCCB319EE0AFD0016E86C /* dance.gif */; };
		FA8BCCBC19EE0C920016E86C /* TCAudioViewController.m in Sources */ = {isa = PBXBuildFile; fileRef = FA8BCCBA19EE0C920016E86C /* TCAudioViewController.m */; };
		FA8BCCBD19EE0C920016E86C /* TCAudioViewController.xib in Resources */ = {isa = PBXBuildFile; fileRef = FA8BCCBB19EE0C920016E86C /* TCAudioViewController.xib */; };
		FA8BCCC419EE13160016E86C /* FLAnimatedImage.m in Sources */ = {isa = PBXBuildFile; fileRef = FA8BCCC119EE13160016E86C /* FLAnimatedImage.m */; };
		FA8BCCC519EE13160016E86C /* FLAnimatedImageView.m in Sources */ = {isa = PBXBuildFile; fileRef = FA8BCCC319EE13160016E86C /* FLAnimatedImageView.m */; };
		FA8BCCC719EE1D8F0016E86C /* Classic.caf in Resources */ = {isa = PBXBuildFile; fileRef = FA8BCCC619EE1D820016E86C /* Classic.caf */; };
		FA8BCCC819EE1DF10016E86C /* squish.caf in Resources */ = {isa = PBXBuildFile; fileRef = FA8BCCB819EE0BF20016E86C /* squish.caf */; };
		FA8BCCCA19EE21650016E86C /* Classic.aifc in Resources */ = {isa = PBXBuildFile; fileRef = FA8BCCC919EE21650016E86C /* Classic.aifc */; };
/* End PBXBuildFile section */

/* Begin PBXContainerItemProxy section */
		FA8BCCA119EE0AC20016E86C /* PBXContainerItemProxy */ = {
			isa = PBXContainerItemProxy;
			containerPortal = FA8BCC7919EE0AC20016E86C /* Project object */;
			proxyType = 1;
			remoteGlobalIDString = FA8BCC8019EE0AC20016E86C;
			remoteInfo = ApplyingAudio;
		};
/* End PBXContainerItemProxy section */

/* Begin PBXFileReference section */
		FA8BCC8119EE0AC20016E86C /* ApplyingAudio.app */ = {isa = PBXFileReference; explicitFileType = wrapper.application; includeInIndex = 0; path = ApplyingAudio.app; sourceTree = BUILT_PRODUCTS_DIR; };
		FA8BCC8419EE0AC20016E86C /* Foundation.framework */ = {isa = PBXFileReference; lastKnownFileType = wrapper.framework; name = Foundation.framework; path = System/Library/Frameworks/Foundation.framework; sourceTree = SDKROOT; };
		FA8BCC8619EE0AC20016E86C /* CoreGraphics.framework */ = {isa = PBXFileReference; lastKnownFileType = wrapper.framework; name = CoreGraphics.framework; path = System/Library/Frameworks/CoreGraphics.framework; sourceTree = SDKROOT; };
		FA8BCC8819EE0AC20016E86C /* UIKit.framework */ = {isa = PBXFileReference; lastKnownFileType = wrapper.framework; name = UIKit.framework; path = System/Library/Frameworks/UIKit.framework; sourceTree = SDKROOT; };
		FA8BCC8C19EE0AC20016E86C /* ApplyingAudio-Info.plist */ = {isa = PBXFileReference; lastKnownFileType = text.plist.xml; path = "ApplyingAudio-Info.plist"; sourceTree = "<group>"; };
		FA8BCC8E19EE0AC20016E86C /* en */ = {isa = PBXFileReference; lastKnownFileType = text.plist.strings; name = en; path = en.lproj/InfoPlist.strings; sourceTree = "<group>"; };
		FA8BCC9019EE0AC20016E86C /* main.m */ = {isa = PBXFileReference; lastKnownFileType = sourcecode.c.objc; path = main.m; sourceTree = "<group>"; };
		FA8BCC9219EE0AC20016E86C /* ApplyingAudio-Prefix.pch */ = {isa = PBXFileReference; lastKnownFileType = sourcecode.c.h; path = "ApplyingAudio-Prefix.pch"; sourceTree = "<group>"; };
		FA8BCC9319EE0AC20016E86C /* TCAppDelegate.h */ = {isa = PBXFileReference; lastKnownFileType = sourcecode.c.h; path = TCAppDelegate.h; sourceTree = "<group>"; };
		FA8BCC9419EE0AC20016E86C /* TCAppDelegate.m */ = {isa = PBXFileReference; lastKnownFileType = sourcecode.c.objc; path = TCAppDelegate.m; sourceTree = "<group>"; };
		FA8BCC9619EE0AC20016E86C /* Images.xcassets */ = {isa = PBXFileReference; lastKnownFileType = folder.assetcatalog; path = Images.xcassets; sourceTree = "<group>"; };
		FA8BCC9C19EE0AC20016E86C /* ApplyingAudioTests.xctest */ = {isa = PBXFileReference; explicitFileType = wrapper.cfbundle; includeInIndex = 0; path = ApplyingAudioTests.xctest; sourceTree = BUILT_PRODUCTS_DIR; };
		FA8BCC9D19EE0AC20016E86C /* XCTest.framework */ = {isa = PBXFileReference; lastKnownFileType = wrapper.framework; name = XCTest.framework; path = Library/Frameworks/XCTest.framework; sourceTree = DEVELOPER_DIR; };
		FA8BCCA519EE0AC20016E86C /* ApplyingAudioTests-Info.plist */ = {isa = PBXFileReference; lastKnownFileType = text.plist.xml; path = "ApplyingAudioTests-Info.plist"; sourceTree = "<group>"; };
		FA8BCCA719EE0AC20016E86C /* en */ = {isa = PBXFileReference; lastKnownFileType = text.plist.strings; name = en; path = en.lproj/InfoPlist.strings; sourceTree = "<group>"; };
		FA8BCCA919EE0AC20016E86C /* ApplyingAudioTests.m */ = {isa = PBXFileReference; lastKnownFileType = sourcecode.c.objc; path = ApplyingAudioTests.m; sourceTree = "<group>"; };
		FA8BCCB319EE0AFD0016E86C /* dance.gif */ = {isa = PBXFileReference; lastKnownFileType = image.gif; path = dance.gif; sourceTree = "<group>"; };
		FA8BCCB819EE0BF20016E86C /* squish.caf */ = {isa = PBXFileReference; lastKnownFileType = file; path = squish.caf; sourceTree = "<group>"; };
		FA8BCCB919EE0C920016E86C /* TCAudioViewController.h */ = {isa = PBXFileReference; fileEncoding = 4; lastKnownFileType = sourcecode.c.h; path = TCAudioViewController.h; sourceTree = "<group>"; };
		FA8BCCBA19EE0C920016E86C /* TCAudioViewController.m */ = {isa = PBXFileReference; fileEncoding = 4; lastKnownFileType = sourcecode.c.objc; path = TCAudioViewController.m; sourceTree = "<group>"; };
		FA8BCCBB19EE0C920016E86C /* TCAudioViewController.xib */ = {isa = PBXFileReference; fileEncoding = 4; lastKnownFileType = file.xib; path = TCAudioViewController.xib; sourceTree = "<group>"; };
		FA8BCCC019EE13160016E86C /* FLAnimatedImage.h */ = {isa = PBXFileReference; fileEncoding = 4; lastKnownFileType = sourcecode.c.h; path = FLAnimatedImage.h; sourceTree = "<group>"; };
		FA8BCCC119EE13160016E86C /* FLAnimatedImage.m */ = {isa = PBXFileReference; fileEncoding = 4; lastKnownFileType = sourcecode.c.objc; path = FLAnimatedImage.m; sourceTree = "<group>"; };
		FA8BCCC219EE13160016E86C /* FLAnimatedImageView.h */ = {isa = PBXFileReference; fileEncoding = 4; lastKnownFileType = sourcecode.c.h; path = FLAnimatedImageView.h; sourceTree = "<group>"; };
		FA8BCCC319EE13160016E86C /* FLAnimatedImageView.m */ = {isa = PBXFileReference; fileEncoding = 4; lastKnownFileType = sourcecode.c.objc; path = FLAnimatedImageView.m; sourceTree = "<group>"; };
		FA8BCCC619EE1D820016E86C /* Classic.caf */ = {isa = PBXFileReference; lastKnownFileType = file; path = Classic.caf; sourceTree = "<group>"; };
		FA8BCCC919EE21650016E86C /* Classic.aifc */ = {isa = PBXFileReference; lastKnownFileType = file; path = Classic.aifc; sourceTree = "<group>"; };
/* End PBXFileReference section */

/* Begin PBXFrameworksBuildPhase section */
		FA8BCC7E19EE0AC20016E86C /* Frameworks */ = {
			isa = PBXFrameworksBuildPhase;
			buildActionMask = 2147483647;
			files = (
				FA8BCC8719EE0AC20016E86C /* CoreGraphics.framework in Frameworks */,
				FA8BCC8919EE0AC20016E86C /* UIKit.framework in Frameworks */,
				FA8BCC8519EE0AC20016E86C /* Foundation.framework in Frameworks */,
			);
			runOnlyForDeploymentPostprocessing = 0;
		};
		FA8BCC9919EE0AC20016E86C /* Frameworks */ = {
			isa = PBXFrameworksBuildPhase;
			buildActionMask = 2147483647;
			files = (
				FA8BCC9E19EE0AC20016E86C /* XCTest.framework in Frameworks */,
				FA8BCCA019EE0AC20016E86C /* UIKit.framework in Frameworks */,
				FA8BCC9F19EE0AC20016E86C /* Foundation.framework in Frameworks */,
			);
			runOnlyForDeploymentPostprocessing = 0;
		};
/* End PBXFrameworksBuildPhase section */

/* Begin PBXGroup section */
		FA8BCC7819EE0AC20016E86C = {
			isa = PBXGroup;
			children = (
				FA8BCCBF19EE12E50016E86C /* Library */,
				FA8BCC8A19EE0AC20016E86C /* ApplyingAudio */,
				FA8BCCA319EE0AC20016E86C /* ApplyingAudioTests */,
				FA8BCC8319EE0AC20016E86C /* Frameworks */,
				FA8BCC8219EE0AC20016E86C /* Products */,
				FA8BCCB719EE0B4E0016E86C /* Resources */,
			);
			sourceTree = "<group>";
		};
		FA8BCC8219EE0AC20016E86C /* Products */ = {
			isa = PBXGroup;
			children = (
				FA8BCC8119EE0AC20016E86C /* ApplyingAudio.app */,
				FA8BCC9C19EE0AC20016E86C /* ApplyingAudioTests.xctest */,
			);
			name = Products;
			sourceTree = "<group>";
		};
		FA8BCC8319EE0AC20016E86C /* Frameworks */ = {
			isa = PBXGroup;
			children = (
				FA8BCC8419EE0AC20016E86C /* Foundation.framework */,
				FA8BCC8619EE0AC20016E86C /* CoreGraphics.framework */,
				FA8BCC8819EE0AC20016E86C /* UIKit.framework */,
				FA8BCC9D19EE0AC20016E86C /* XCTest.framework */,
			);
			name = Frameworks;
			sourceTree = "<group>";
		};
		FA8BCC8A19EE0AC20016E86C /* ApplyingAudio */ = {
			isa = PBXGroup;
			children = (
				FA8BCC9319EE0AC20016E86C /* TCAppDelegate.h */,
				FA8BCC9419EE0AC20016E86C /* TCAppDelegate.m */,
				FA8BCCB919EE0C920016E86C /* TCAudioViewController.h */,
				FA8BCCBA19EE0C920016E86C /* TCAudioViewController.m */,
				FA8BCCBB19EE0C920016E86C /* TCAudioViewController.xib */,
				FA8BCC9619EE0AC20016E86C /* Images.xcassets */,
				FA8BCC8B19EE0AC20016E86C /* Supporting Files */,
			);
			path = ApplyingAudio;
			sourceTree = "<group>";
		};
		FA8BCC8B19EE0AC20016E86C /* Supporting Files */ = {
			isa = PBXGroup;
			children = (
				FA8BCC8C19EE0AC20016E86C /* ApplyingAudio-Info.plist */,
				FA8BCC8D19EE0AC20016E86C /* InfoPlist.strings */,
				FA8BCC9019EE0AC20016E86C /* main.m */,
				FA8BCC9219EE0AC20016E86C /* ApplyingAudio-Prefix.pch */,
			);
			name = "Supporting Files";
			sourceTree = "<group>";
		};
		FA8BCCA319EE0AC20016E86C /* ApplyingAudioTests */ = {
			isa = PBXGroup;
			children = (
				FA8BCCA919EE0AC20016E86C /* ApplyingAudioTests.m */,
				FA8BCCA419EE0AC20016E86C /* Supporting Files */,
			);
			path = ApplyingAudioTests;
			sourceTree = "<group>";
		};
		FA8BCCA419EE0AC20016E86C /* Supporting Files */ = {
			isa = PBXGroup;
			children = (
				FA8BCCA519EE0AC20016E86C /* ApplyingAudioTests-Info.plist */,
				FA8BCCA619EE0AC20016E86C /* InfoPlist.strings */,
			);
			name = "Supporting Files";
			sourceTree = "<group>";
		};
		FA8BCCB719EE0B4E0016E86C /* Resources */ = {
			isa = PBXGroup;
			children = (
				FA8BCCB819EE0BF20016E86C /* squish.caf */,
				FA8BCCB319EE0AFD0016E86C /* dance.gif */,
				FA8BCCC619EE1D820016E86C /* Classic.caf */,
				FA8BCCC919EE21650016E86C /* Classic.aifc */,
			);
			name = Resources;
			sourceTree = "<group>";
		};
		FA8BCCBF19EE12E50016E86C /* Library */ = {
			isa = PBXGroup;
			children = (
				FA8BCCC019EE13160016E86C /* FLAnimatedImage.h */,
				FA8BCCC119EE13160016E86C /* FLAnimatedImage.m */,
				FA8BCCC219EE13160016E86C /* FLAnimatedImageView.h */,
				FA8BCCC319EE13160016E86C /* FLAnimatedImageView.m */,
			);
			name = Library;
			sourceTree = "<group>";
		};
/* End PBXGroup section */

/* Begin PBXNativeTarget section */
		FA8BCC8019EE0AC20016E86C /* ApplyingAudio */ = {
			isa = PBXNativeTarget;
			buildConfigurationList = FA8BCCAD19EE0AC20016E86C /* Build configuration list for PBXNativeTarget "ApplyingAudio" */;
			buildPhases = (
				FA8BCC7D19EE0AC20016E86C /* Sources */,
				FA8BCC7E19EE0AC20016E86C /* Frameworks */,
				FA8BCC7F19EE0AC20016E86C /* Resources */,
			);
			buildRules = (
			);
			dependencies = (
			);
			name = ApplyingAudio;
			productName = ApplyingAudio;
			productReference = FA8BCC8119EE0AC20016E86C /* ApplyingAudio.app */;
			productType = "com.apple.product-type.application";
		};
		FA8BCC9B19EE0AC20016E86C /* ApplyingAudioTests */ = {
			isa = PBXNativeTarget;
			buildConfigurationList = FA8BCCB019EE0AC20016E86C /* Build configuration list for PBXNativeTarget "ApplyingAudioTests" */;
			buildPhases = (
				FA8BCC9819EE0AC20016E86C /* Sources */,
				FA8BCC9919EE0AC20016E86C /* Frameworks */,
				FA8BCC9A19EE0AC20016E86C /* Resources */,
			);
			buildRules = (
			);
			dependencies = (
				FA8BCCA219EE0AC20016E86C /* PBXTargetDependency */,
			);
			name = ApplyingAudioTests;
			productName = ApplyingAudioTests;
			productReference = FA8BCC9C19EE0AC20016E86C /* ApplyingAudioTests.xctest */;
			productType = "com.apple.product-type.bundle.unit-test";
		};
/* End PBXNativeTarget section */

/* Begin PBXProject section */
		FA8BCC7919EE0AC20016E86C /* Project object */ = {
			isa = PBXProject;
			attributes = {
				CLASSPREFIX = TC;
				LastUpgradeCheck = 0510;
				ORGANIZATIONNAME = "Marvin Labrador";
				TargetAttributes = {
					FA8BCC9B19EE0AC20016E86C = {
						TestTargetID = FA8BCC8019EE0AC20016E86C;
					};
				};
			};
			buildConfigurationList = FA8BCC7C19EE0AC20016E86C /* Build configuration list for PBXProject "ApplyingAudio" */;
			compatibilityVersion = "Xcode 3.2";
			developmentRegion = English;
			hasScannedForEncodings = 0;
			knownRegions = (
				en,
			);
			mainGroup = FA8BCC7819EE0AC20016E86C;
			productRefGroup = FA8BCC8219EE0AC20016E86C /* Products */;
			projectDirPath = "";
			projectRoot = "";
			targets = (
				FA8BCC8019EE0AC20016E86C /* ApplyingAudio */,
				FA8BCC9B19EE0AC20016E86C /* ApplyingAudioTests */,
			);
		};
/* End PBXProject section */

/* Begin PBXResourcesBuildPhase section */
		FA8BCC7F19EE0AC20016E86C /* Resources */ = {
			isa = PBXResourcesBuildPhase;
			buildActionMask = 2147483647;
			files = (
				FA8BCC8F19EE0AC20016E86C /* InfoPlist.strings in Resources */,
				FA8BCCB419EE0AFD0016E86C /* dance.gif in Resources */,
				FA8BCCBD19EE0C920016E86C /* TCAudioViewController.xib in Resources */,
				FA8BCCC819EE1DF10016E86C /* squish.caf in Resources */,
				FA8BCCC719EE1D8F0016E86C /* Classic.caf in Resources */,
				FA8BCC9719EE0AC20016E86C /* Images.xcassets in Resources */,
				FA8BCCCA19EE21650016E86C /* Classic.aifc in Resources */,
			);
			runOnlyForDeploymentPostprocessing = 0;
		};
		FA8BCC9A19EE0AC20016E86C /* Resources */ = {
			isa = PBXResourcesBuildPhase;
			buildActionMask = 2147483647;
			files = (
				FA8BCCA819EE0AC20016E86C /* InfoPlist.strings in Resources */,
			);
			runOnlyForDeploymentPostprocessing = 0;
		};
/* End PBXResourcesBuildPhase section */

/* Begin PBXSourcesBuildPhase section */
		FA8BCC7D19EE0AC20016E86C /* Sources */ = {
			isa = PBXSourcesBuildPhase;
			buildActionMask = 2147483647;
			files = (
				FA8BCCC419EE13160016E86C /* FLAnimatedImage.m in Sources */,
				FA8BCCBC19EE0C920016E86C /* TCAudioViewController.m in Sources */,
				FA8BCCC519EE13160016E86C /* FLAnimatedImageView.m in Sources */,
				FA8BCC9119EE0AC20016E86C /* main.m in Sources */,
				FA8BCC9519EE0AC20016E86C /* TCAppDelegate.m in Sources */,
			);
			runOnlyForDeploymentPostprocessing = 0;
		};
		FA8BCC9819EE0AC20016E86C /* Sources */ = {
			isa = PBXSourcesBuildPhase;
			buildActionMask = 2147483647;
			files = (
				FA8BCCAA19EE0AC20016E86C /* ApplyingAudioTests.m in Sources */,
			);
			runOnlyForDeploymentPostprocessing = 0;
		};
/* End PBXSourcesBuildPhase section */

/* Begin PBXTargetDependency section */
		FA8BCCA219EE0AC20016E86C /* PBXTargetDependency */ = {
			isa = PBXTargetDependency;
			target = FA8BCC8019EE0AC20016E86C /* ApplyingAudio */;
			targetProxy = FA8BCCA119EE0AC20016E86C /* PBXContainerItemProxy */;
		};
/* End PBXTargetDependency section */

/* Begin PBXVariantGroup section */
		FA8BCC8D19EE0AC20016E86C /* InfoPlist.strings */ = {
			isa = PBXVariantGroup;
			children = (
				FA8BCC8E19EE0AC20016E86C /* en */,
			);
			name = InfoPlist.strings;
			sourceTree = "<group>";
		};
		FA8BCCA619EE0AC20016E86C /* InfoPlist.strings */ = {
			isa = PBXVariantGroup;
			children = (
				FA8BCCA719EE0AC20016E86C /* en */,
			);
			name = InfoPlist.strings;
			sourceTree = "<group>";
		};
/* End PBXVariantGroup section */

/* Begin XCBuildConfiguration section */
		FA8BCCAB19EE0AC20016E86C /* Debug */ = {
			isa = XCBuildConfiguration;
			buildSettings = {
				ALWAYS_SEARCH_USER_PATHS = NO;
				CLANG_CXX_LANGUAGE_STANDARD = "gnu++0x";
				CLANG_CXX_LIBRARY = "libc++";
				CLANG_ENABLE_MODULES = YES;
				CLANG_ENABLE_OBJC_ARC = YES;
				CLANG_WARN_BOOL_CONVERSION = YES;
				CLANG_WARN_CONSTANT_CONVERSION = YES;
				CLANG_WARN_DIRECT_OBJC_ISA_USAGE = YES_ERROR;
				CLANG_WARN_EMPTY_BODY = YES;
				CLANG_WARN_ENUM_CONVERSION = YES;
				CLANG_WARN_INT_CONVERSION = YES;
				CLANG_WARN_OBJC_ROOT_CLASS = YES_ERROR;
				CLANG_WARN__DUPLICATE_METHOD_MATCH = YES;
				CODE_SIGN_IDENTITY = "iPhone Distribution: CYSCORPIONS INC";
				"CODE_SIGN_IDENTITY[sdk=iphoneos*]" = "iPhone Developer";
				COPY_PHASE_STRIP = NO;
				GCC_C_LANGUAGE_STANDARD = gnu99;
				GCC_DYNAMIC_NO_PIC = NO;
				GCC_OPTIMIZATION_LEVEL = 0;
				GCC_PREPROCESSOR_DEFINITIONS = (
					"DEBUG=1",
					"$(inherited)",
				);
				GCC_SYMBOLS_PRIVATE_EXTERN = NO;
				GCC_WARN_64_TO_32_BIT_CONVERSION = YES;
				GCC_WARN_ABOUT_RETURN_TYPE = YES_ERROR;
				GCC_WARN_UNDECLARED_SELECTOR = YES;
				GCC_WARN_UNINITIALIZED_AUTOS = YES_AGGRESSIVE;
				GCC_WARN_UNUSED_FUNCTION = YES;
				GCC_WARN_UNUSED_VARIABLE = YES;
				IPHONEOS_DEPLOYMENT_TARGET = 7.1;
				ONLY_ACTIVE_ARCH = YES;
				PROVISIONING_PROFILE = "B97FF216-6AA2-4B9D-95CB-5035D49E9C0F";
				SDKROOT = iphoneos;
			};
			name = Debug;
		};
		FA8BCCAC19EE0AC20016E86C /* Release */ = {
			isa = XCBuildConfiguration;
			buildSettings = {
				ALWAYS_SEARCH_USER_PATHS = NO;
				CLANG_CXX_LANGUAGE_STANDARD = "gnu++0x";
				CLANG_CXX_LIBRARY = "libc++";
				CLANG_ENABLE_MODULES = YES;
				CLANG_ENABLE_OBJC_ARC = YES;
				CLANG_WARN_BOOL_CONVERSION = YES;
				CLANG_WARN_CONSTANT_CONVERSION = YES;
				CLANG_WARN_DIRECT_OBJC_ISA_USAGE = YES_ERROR;
				CLANG_WARN_EMPTY_BODY = YES;
				CLANG_WARN_ENUM_CONVERSION = YES;
				CLANG_WARN_INT_CONVERSION = YES;
				CLANG_WARN_OBJC_ROOT_CLASS = YES_ERROR;
				CLANG_WARN__DUPLICATE_METHOD_MATCH = YES;
				CODE_SIGN_IDENTITY = "iPhone Distribution: CYSCORPIONS INC";
				"CODE_SIGN_IDENTITY[sdk=iphoneos*]" = "iPhone Developer";
				COPY_PHASE_STRIP = YES;
				ENABLE_NS_ASSERTIONS = NO;
				GCC_C_LANGUAGE_STANDARD = gnu99;
				GCC_WARN_64_TO_32_BIT_CONVERSION = YES;
				GCC_WARN_ABOUT_RETURN_TYPE = YES_ERROR;
				GCC_WARN_UNDECLARED_SELECTOR = YES;
				GCC_WARN_UNINITIALIZED_AUTOS = YES_AGGRESSIVE;
				GCC_WARN_UNUSED_FUNCTION = YES;
				GCC_WARN_UNUSED_VARIABLE = YES;
				IPHONEOS_DEPLOYMENT_TARGET = 7.1;
				PROVISIONING_PROFILE = "B97FF216-6AA2-4B9D-95CB-5035D49E9C0F";
				SDKROOT = iphoneos;
				VALIDATE_PRODUCT = YES;
			};
			name = Release;
		};
		FA8BCCAE19EE0AC20016E86C /* Debug */ = {
			isa = XCBuildConfiguration;
			buildSettings = {
				ASSETCATALOG_COMPILER_APPICON_NAME = AppIcon;
				ASSETCATALOG_COMPILER_LAUNCHIMAGE_NAME = LaunchImage;
				GCC_PRECOMPILE_PREFIX_HEADER = YES;
				GCC_PREFIX_HEADER = "ApplyingAudio/ApplyingAudio-Prefix.pch";
				INFOPLIST_FILE = "ApplyingAudio/ApplyingAudio-Info.plist";
				PRODUCT_NAME = "$(TARGET_NAME)";
				WRAPPER_EXTENSION = app;
			};
			name = Debug;
		};
		FA8BCCAF19EE0AC20016E86C /* Release */ = {
			isa = XCBuildConfiguration;
			buildSettings = {
				ASSETCATALOG_COMPILER_APPICON_NAME = AppIcon;
				ASSETCATALOG_COMPILER_LAUNCHIMAGE_NAME = LaunchImage;
				GCC_PRECOMPILE_PREFIX_HEADER = YES;
				GCC_PREFIX_HEADER = "ApplyingAudio/ApplyingAudio-Prefix.pch";
				INFOPLIST_FILE = "ApplyingAudio/ApplyingAudio-Info.plist";
				PRODUCT_NAME = "$(TARGET_NAME)";
				WRAPPER_EXTENSION = app;
			};
			name = Release;
		};
		FA8BCCB119EE0AC20016E86C /* Debug */ = {
			isa = XCBuildConfiguration;
			buildSettings = {
				BUNDLE_LOADER = "$(BUILT_PRODUCTS_DIR)/ApplyingAudio.app/ApplyingAudio";
				FRAMEWORK_SEARCH_PATHS = (
					"$(SDKROOT)/Developer/Library/Frameworks",
					"$(inherited)",
					"$(DEVELOPER_FRAMEWORKS_DIR)",
				);
				GCC_PRECOMPILE_PREFIX_HEADER = YES;
				GCC_PREFIX_HEADER = "ApplyingAudio/ApplyingAudio-Prefix.pch";
				GCC_PREPROCESSOR_DEFINITIONS = (
					"DEBUG=1",
					"$(inherited)",
				);
				INFOPLIST_FILE = "ApplyingAudioTests/ApplyingAudioTests-Info.plist";
				PRODUCT_NAME = "$(TARGET_NAME)";
				TEST_HOST = "$(BUNDLE_LOADER)";
				WRAPPER_EXTENSION = xctest;
			};
			name = Debug;
		};
		FA8BCCB219EE0AC20016E86C /* Release */ = {
			isa = XCBuildConfiguration;
			buildSettings = {
				BUNDLE_LOADER = "$(BUILT_PRODUCTS_DIR)/ApplyingAudio.app/ApplyingAudio";
				FRAMEWORK_SEARCH_PATHS = (
					"$(SDKROOT)/Developer/Library/Frameworks",
					"$(inherited)",
					"$(DEVELOPER_FRAMEWORKS_DIR)",
				);
				GCC_PRECOMPILE_PREFIX_HEADER = YES;
				GCC_PREFIX_HEADER = "ApplyingAudio/ApplyingAudio-Prefix.pch";
				INFOPLIST_FILE = "ApplyingAudioTests/ApplyingAudioTests-Info.plist";
				PRODUCT_NAME = "$(TARGET_NAME)";
				TEST_HOST = "$(BUNDLE_LOADER)";
				WRAPPER_EXTENSION = xctest;
			};
			name = Release;
		};
/* End XCBuildConfiguration section */

/* Begin XCConfigurationList section */
		FA8BCC7C19EE0AC20016E86C /* Build configuration list for PBXProject "ApplyingAudio" */ = {
			isa = XCConfigurationList;
			buildConfigurations = (
				FA8BCCAB19EE0AC20016E86C /* Debug */,
				FA8BCCAC19EE0AC20016E86C /* Release */,
			);
			defaultConfigurationIsVisible = 0;
			defaultConfigurationName = Release;
		};
		FA8BCCAD19EE0AC20016E86C /* Build configuration list for PBXNativeTarget "ApplyingAudio" */ = {
			isa = XCConfigurationList;
			buildConfigurations = (
				FA8BCCAE19EE0AC20016E86C /* Debug */,
				FA8BCCAF19EE0AC20016E86C /* Release */,
			);
			defaultConfigurationIsVisible = 0;
		};
		FA8BCCB019EE0AC20016E86C /* Build configuration list for PBXNativeTarget "ApplyingAudioTests" */ = {
			isa = XCConfigurationList;
			buildConfigurations = (
				FA8BCCB119EE0AC20016E86C /* Debug */,
				FA8BCCB219EE0AC20016E86C /* Release */,
			);
			defaultConfigurationIsVisible = 0;
		};
/* End XCConfigurationList section */
	};
	rootObject = FA8BCC7919EE0AC20016E86C /* Project object */;
}
